
Microsoft Visual Studio Solution File, Format Version 12.00
# Visual Studio Version 16
VisualStudioVersion = 16.0.29215.179
MinimumVisualStudioVersion = 10.0.40219.1
Project("{FAE04EC0-301F-11D3-BF4B-00C04F79EFBC}") = "DoorControllerH", "DoorControllerH\DoorControllerH.csproj", "{1870C8E8-163C-4AE2-8D78-895F0825B796}"
EndProject
Project("{FAE04EC0-301F-11D3-BF4B-00C04F79EFBC}") = "DoorControl.Unit.Test", "DoorControl.Unit.Test\DoorControl.Unit.Test.csproj", "{22F86C3E-59FE-42A6-8160-99EF6550887A}"
EndProject
Global
	GlobalSection(SolutionConfigurationPlatforms) = preSolution
		Debug|Any CPU = Debug|Any CPU
		Release|Any CPU = Release|Any CPU
	EndGlobalSection
	GlobalSection(ProjectConfigurationPlatforms) = postSolution
		{1870C8E8-163C-4AE2-8D78-895F0825B796}.Debug|Any CPU.ActiveCfg = Debug|Any CPU
		{1870C8E8-163C-4AE2-8D78-895F0825B796}.Debug|Any CPU.Build.0 = Debug|Any CPU
		{1870C8E8-163C-4AE2-8D78-895F0825B796}.Release|Any CPU.ActiveCfg = Release|Any CPU
		{1870C8E8-163C-4AE2-8D78-895F0825B796}.Release|Any CPU.Build.0 = Release|Any CPU
		{22F86C3E-59FE-42A6-8160-99EF6550887A}.Debug|Any CPU.ActiveCfg = Debug|Any CPU
		{22F86C3E-59FE-42A6-8160-99EF6550887A}.Debug|Any CPU.Build.0 = Debug|Any CPU
		{22F86C3E-59FE-42A6-8160-99EF6550887A}.Release|Any CPU.ActiveCfg = Release|Any CPU
		{22F86C3E-59FE-42A6-8160-99EF6550887A}.Release|Any CPU.Build.0 = Release|Any CPU
	EndGlobalSection
	GlobalSection(SolutionProperties) = preSolution
		HideSolutionNode = FALSE
	EndGlobalSection
	GlobalSection(ExtensibilityGlobals) = postSolution
		SolutionGuid = {3D104A18-A38D-4656-8D12-32050F903429}
	EndGlobalSection
EndGlobal
